
Microsoft Visual Studio Solution File, Format Version 12.00
# Visual Studio Version 16
VisualStudioVersion = 16.0.0.0
MinimumVisualStudioVersion = 16.0.0.0
Project("{2150E333-8FDC-42A3-9474-1A3956D46DE8}") = "Core", "Core", "{B09C1303-BB7A-4D85-9B3F-DBF13506A040}"
EndProject
Project("{2150E333-8FDC-42A3-9474-1A3956D46DE8}") = "Tests", "Tests", "{79F3D1CC-DCDB-4FED-B302-95C0E66E31B2}"
EndProject
Project("{2150E333-8FDC-42A3-9474-1A3956D46DE8}") = "Business", "Business", "{93F639F7-F0BD-4F30-8B71-1B5972CA0432}"
EndProject
Project("{2150E333-8FDC-42A3-9474-1A3956D46DE8}") = "Back-End", "Back-End", "{2C1BE235-C831-4D57-972A-2BF444219251}"
EndProject
Project("{2150E333-8FDC-42A3-9474-1A3956D46DE8}") = "Web", "Web", "{22B0161A-3788-4C84-80A5-DCC040E58C46}"
EndProject
Project("{2150E333-8FDC-42A3-9474-1A3956D46DE8}") = "Front-End", "Front-End", "{8EC118B5-EE06-4DCD-8D7E-37E4E686DB1E}"
EndProject
Project("{2150E333-8FDC-42A3-9474-1A3956D46DE8}") = "Core", "Core", "{EE20C0B8-FFCE-42E4-8360-B49453B71BFD}"
EndProject
Project("{2150E333-8FDC-42A3-9474-1A3956D46DE8}") = "Tests", "Tests", "{62F7BCDD-A427-4D1C-9EA8-C23CCCDF2812}"
EndProject
Project("{2150E333-8FDC-42A3-9474-1A3956D46DE8}") = "Blazor", "Blazor", "{C9306A2E-D8C4-42E7-A977-3CE1AF6A904F}"
EndProject
Project("{9A19103F-16F7-4668-BE54-9A1E7A4F7556}") = "CloudNimble.EasyAF.Templates.Business", "CloudNimble.EasyAF.Templates.Business\CloudNimble.EasyAF.Templates.Business.csproj", "{98175BF5-1AA6-4AF3-862D-4E427FE22DA2}"
EndProject
Project("{9A19103F-16F7-4668-BE54-9A1E7A4F7556}") = "CloudNimble.EasyAF.Templates.Core", "CloudNimble.EasyAF.Templates.Core\CloudNimble.EasyAF.Templates.Core.csproj", "{9ECD9161-CACB-4405-87CB-511399B3F82E}"
EndProject
Project("{9A19103F-16F7-4668-BE54-9A1E7A4F7556}") = "CloudNimble.EasyAF.Templates.Data", "CloudNimble.EasyAF.Templates.Data\CloudNimble.EasyAF.Templates.Data.csproj", "{B09295D8-712E-4AD7-AD00-6D338DB8BDCE}"
EndProject
Project("{9A19103F-16F7-4668-BE54-9A1E7A4F7556}") = "CloudNimble.EasyAF.Templates.RestService", "CloudNimble.EasyAF.Templates.RestService\CloudNimble.EasyAF.Templates.RestService.csproj", "{6422F5C6-985F-4011-AF5C-43A66CE952AA}"
EndProject
Project("{9A19103F-16F7-4668-BE54-9A1E7A4F7556}") = "CloudNimble.EasyAF.Templates.RestService.Clients.DotNet", "CloudNimble.EasyAF.Templates.RestService.Clients.DotNet\CloudNimble.EasyAF.Templates.RestService.Clients.DotNet.csproj", "{7A4A5AD4-2407-4BE7-BB49-11DF14D0D368}"
EndProject
Project("{00D1A9C2-B5F0-4AF3-8072-F6C62B433612}") = "CloudNimble.EasyAF.Templates.Database", "CloudNimble.EasyAF.Templates.Database\CloudNimble.EasyAF.Templates.Database.sqlproj", "{7601169C-9F9B-45D2-A641-6F5BAE3C10C2}"
EndProject
Global
	GlobalSection(SolutionConfigurationPlatforms) = preSolution
		Debug|Any CPU = Debug|Any CPU
		Debug|x64 = Debug|x64
		Debug|x86 = Debug|x86
		Release|Any CPU = Release|Any CPU
		Release|x64 = Release|x64
		Release|x86 = Release|x86
	EndGlobalSection
	GlobalSection(ProjectConfigurationPlatforms) = postSolution
		{98175BF5-1AA6-4AF3-862D-4E427FE22DA2}.Debug|Any CPU.ActiveCfg = Debug|Any CPU
		{98175BF5-1AA6-4AF3-862D-4E427FE22DA2}.Debug|Any CPU.Build.0 = Debug|Any CPU
		{98175BF5-1AA6-4AF3-862D-4E427FE22DA2}.Debug|x64.ActiveCfg = Debug|Any CPU
		{98175BF5-1AA6-4AF3-862D-4E427FE22DA2}.Debug|x64.Build.0 = Debug|Any CPU
		{98175BF5-1AA6-4AF3-862D-4E427FE22DA2}.Debug|x86.ActiveCfg = Debug|Any CPU
		{98175BF5-1AA6-4AF3-862D-4E427FE22DA2}.Debug|x86.Build.0 = Debug|Any CPU
		{98175BF5-1AA6-4AF3-862D-4E427FE22DA2}.Release|Any CPU.ActiveCfg = Release|Any CPU
		{98175BF5-1AA6-4AF3-862D-4E427FE22DA2}.Release|Any CPU.Build.0 = Release|Any CPU
		{98175BF5-1AA6-4AF3-862D-4E427FE22DA2}.Release|x64.ActiveCfg = Release|Any CPU
		{98175BF5-1AA6-4AF3-862D-4E427FE22DA2}.Release|x64.Build.0 = Release|Any CPU
		{98175BF5-1AA6-4AF3-862D-4E427FE22DA2}.Release|x86.ActiveCfg = Release|Any CPU
		{98175BF5-1AA6-4AF3-862D-4E427FE22DA2}.Release|x86.Build.0 = Release|Any CPU
		{9ECD9161-CACB-4405-87CB-511399B3F82E}.Debug|Any CPU.ActiveCfg = Debug|Any CPU
		{9ECD9161-CACB-4405-87CB-511399B3F82E}.Debug|Any CPU.Build.0 = Debug|Any CPU
		{9ECD9161-CACB-4405-87CB-511399B3F82E}.Debug|x64.ActiveCfg = Debug|Any CPU
		{9ECD9161-CACB-4405-87CB-511399B3F82E}.Debug|x64.Build.0 = Debug|Any CPU
		{9ECD9161-CACB-4405-87CB-511399B3F82E}.Debug|x86.ActiveCfg = Debug|Any CPU
		{9ECD9161-CACB-4405-87CB-511399B3F82E}.Debug|x86.Build.0 = Debug|Any CPU
		{9ECD9161-CACB-4405-87CB-511399B3F82E}.Release|Any CPU.ActiveCfg = Release|Any CPU
		{9ECD9161-CACB-4405-87CB-511399B3F82E}.Release|Any CPU.Build.0 = Release|Any CPU
		{9ECD9161-CACB-4405-87CB-511399B3F82E}.Release|x64.ActiveCfg = Release|Any CPU
		{9ECD9161-CACB-4405-87CB-511399B3F82E}.Release|x64.Build.0 = Release|Any CPU
		{9ECD9161-CACB-4405-87CB-511399B3F82E}.Release|x86.ActiveCfg = Release|Any CPU
		{9ECD9161-CACB-4405-87CB-511399B3F82E}.Release|x86.Build.0 = Release|Any CPU
		{B09295D8-712E-4AD7-AD00-6D338DB8BDCE}.Debug|Any CPU.ActiveCfg = Debug|Any CPU
		{B09295D8-712E-4AD7-AD00-6D338DB8BDCE}.Debug|Any CPU.Build.0 = Debug|Any CPU
		{B09295D8-712E-4AD7-AD00-6D338DB8BDCE}.Debug|x64.ActiveCfg = Debug|Any CPU
		{B09295D8-712E-4AD7-AD00-6D338DB8BDCE}.Debug|x64.Build.0 = Debug|Any CPU
		{B09295D8-712E-4AD7-AD00-6D338DB8BDCE}.Debug|x86.ActiveCfg = Debug|Any CPU
		{B09295D8-712E-4AD7-AD00-6D338DB8BDCE}.Debug|x86.Build.0 = Debug|Any CPU
		{B09295D8-712E-4AD7-AD00-6D338DB8BDCE}.Release|Any CPU.ActiveCfg = Release|Any CPU
		{B09295D8-712E-4AD7-AD00-6D338DB8BDCE}.Release|Any CPU.Build.0 = Release|Any CPU
		{B09295D8-712E-4AD7-AD00-6D338DB8BDCE}.Release|x64.ActiveCfg = Release|Any CPU
		{B09295D8-712E-4AD7-AD00-6D338DB8BDCE}.Release|x64.Build.0 = Release|Any CPU
		{B09295D8-712E-4AD7-AD00-6D338DB8BDCE}.Release|x86.ActiveCfg = Release|Any CPU
		{B09295D8-712E-4AD7-AD00-6D338DB8BDCE}.Release|x86.Build.0 = Release|Any CPU
		{6422F5C6-985F-4011-AF5C-43A66CE952AA}.Debug|Any CPU.ActiveCfg = Debug|Any CPU
		{6422F5C6-985F-4011-AF5C-43A66CE952AA}.Debug|Any CPU.Build.0 = Debug|Any CPU
		{6422F5C6-985F-4011-AF5C-43A66CE952AA}.Debug|x64.ActiveCfg = Debug|Any CPU
		{6422F5C6-985F-4011-AF5C-43A66CE952AA}.Debug|x64.Build.0 = Debug|Any CPU
		{6422F5C6-985F-4011-AF5C-43A66CE952AA}.Debug|x86.ActiveCfg = Debug|Any CPU
		{6422F5C6-985F-4011-AF5C-43A66CE952AA}.Debug|x86.Build.0 = Debug|Any CPU
		{6422F5C6-985F-4011-AF5C-43A66CE952AA}.Release|Any CPU.ActiveCfg = Release|Any CPU
		{6422F5C6-985F-4011-AF5C-43A66CE952AA}.Release|Any CPU.Build.0 = Release|Any CPU
		{6422F5C6-985F-4011-AF5C-43A66CE952AA}.Release|x64.ActiveCfg = Release|Any CPU
		{6422F5C6-985F-4011-AF5C-43A66CE952AA}.Release|x64.Build.0 = Release|Any CPU
		{6422F5C6-985F-4011-AF5C-43A66CE952AA}.Release|x86.ActiveCfg = Release|Any CPU
		{6422F5C6-985F-4011-AF5C-43A66CE952AA}.Release|x86.Build.0 = Release|Any CPU
		{7A4A5AD4-2407-4BE7-BB49-11DF14D0D368}.Debug|Any CPU.ActiveCfg = Debug|Any CPU
		{7A4A5AD4-2407-4BE7-BB49-11DF14D0D368}.Debug|Any CPU.Build.0 = Debug|Any CPU
		{7A4A5AD4-2407-4BE7-BB49-11DF14D0D368}.Debug|x64.ActiveCfg = Debug|Any CPU
		{7A4A5AD4-2407-4BE7-BB49-11DF14D0D368}.Debug|x64.Build.0 = Debug|Any CPU
		{7A4A5AD4-2407-4BE7-BB49-11DF14D0D368}.Debug|x86.ActiveCfg = Debug|Any CPU
		{7A4A5AD4-2407-4BE7-BB49-11DF14D0D368}.Debug|x86.Build.0 = Debug|Any CPU
		{7A4A5AD4-2407-4BE7-BB49-11DF14D0D368}.Release|Any CPU.ActiveCfg = Release|Any CPU
		{7A4A5AD4-2407-4BE7-BB49-11DF14D0D368}.Release|Any CPU.Build.0 = Release|Any CPU
		{7A4A5AD4-2407-4BE7-BB49-11DF14D0D368}.Release|x64.ActiveCfg = Release|Any CPU
		{7A4A5AD4-2407-4BE7-BB49-11DF14D0D368}.Release|x64.Build.0 = Release|Any CPU
		{7A4A5AD4-2407-4BE7-BB49-11DF14D0D368}.Release|x86.ActiveCfg = Release|Any CPU
		{7A4A5AD4-2407-4BE7-BB49-11DF14D0D368}.Release|x86.Build.0 = Release|Any CPU
		{7601169C-9F9B-45D2-A641-6F5BAE3C10C2}.Debug|Any CPU.ActiveCfg = Debug|Any CPU
		{7601169C-9F9B-45D2-A641-6F5BAE3C10C2}.Debug|Any CPU.Build.0 = Debug|Any CPU
		{7601169C-9F9B-45D2-A641-6F5BAE3C10C2}.Debug|Any CPU.Deploy.0 = Debug|Any CPU
		{7601169C-9F9B-45D2-A641-6F5BAE3C10C2}.Debug|x64.ActiveCfg = Debug|Any CPU
		{7601169C-9F9B-45D2-A641-6F5BAE3C10C2}.Debug|x64.Build.0 = Debug|Any CPU
		{7601169C-9F9B-45D2-A641-6F5BAE3C10C2}.Debug|x64.Deploy.0 = Debug|Any CPU
		{7601169C-9F9B-45D2-A641-6F5BAE3C10C2}.Debug|x86.ActiveCfg = Debug|Any CPU
		{7601169C-9F9B-45D2-A641-6F5BAE3C10C2}.Debug|x86.Build.0 = Debug|Any CPU
		{7601169C-9F9B-45D2-A641-6F5BAE3C10C2}.Debug|x86.Deploy.0 = Debug|Any CPU
		{7601169C-9F9B-45D2-A641-6F5BAE3C10C2}.Release|Any CPU.ActiveCfg = Release|Any CPU
		{7601169C-9F9B-45D2-A641-6F5BAE3C10C2}.Release|Any CPU.Build.0 = Release|Any CPU
		{7601169C-9F9B-45D2-A641-6F5BAE3C10C2}.Release|Any CPU.Deploy.0 = Release|Any CPU
		{7601169C-9F9B-45D2-A641-6F5BAE3C10C2}.Release|x64.ActiveCfg = Release|Any CPU
		{7601169C-9F9B-45D2-A641-6F5BAE3C10C2}.Release|x64.Build.0 = Release|Any CPU
		{7601169C-9F9B-45D2-A641-6F5BAE3C10C2}.Release|x64.Deploy.0 = Release|Any CPU
		{7601169C-9F9B-45D2-A641-6F5BAE3C10C2}.Release|x86.ActiveCfg = Release|Any CPU
		{7601169C-9F9B-45D2-A641-6F5BAE3C10C2}.Release|x86.Build.0 = Release|Any CPU
		{7601169C-9F9B-45D2-A641-6F5BAE3C10C2}.Release|x86.Deploy.0 = Release|Any CPU
	EndGlobalSection
	GlobalSection(SolutionProperties) = preSolution
		HideSolutionNode = FALSE
	EndGlobalSection
	GlobalSection(NestedProjects) = preSolution
		{B09C1303-BB7A-4D85-9B3F-DBF13506A040} = {2C1BE235-C831-4D57-972A-2BF444219251}
		{79F3D1CC-DCDB-4FED-B302-95C0E66E31B2} = {2C1BE235-C831-4D57-972A-2BF444219251}
		{93F639F7-F0BD-4F30-8B71-1B5972CA0432} = {2C1BE235-C831-4D57-972A-2BF444219251}
		{22B0161A-3788-4C84-80A5-DCC040E58C46} = {2C1BE235-C831-4D57-972A-2BF444219251}
		{EE20C0B8-FFCE-42E4-8360-B49453B71BFD} = {8EC118B5-EE06-4DCD-8D7E-37E4E686DB1E}
		{62F7BCDD-A427-4D1C-9EA8-C23CCCDF2812} = {8EC118B5-EE06-4DCD-8D7E-37E4E686DB1E}
		{C9306A2E-D8C4-42E7-A977-3CE1AF6A904F} = {8EC118B5-EE06-4DCD-8D7E-37E4E686DB1E}
		{98175BF5-1AA6-4AF3-862D-4E427FE22DA2} = {93F639F7-F0BD-4F30-8B71-1B5972CA0432}
		{9ECD9161-CACB-4405-87CB-511399B3F82E} = {B09C1303-BB7A-4D85-9B3F-DBF13506A040}
		{B09295D8-712E-4AD7-AD00-6D338DB8BDCE} = {B09C1303-BB7A-4D85-9B3F-DBF13506A040}
		{6422F5C6-985F-4011-AF5C-43A66CE952AA} = {22B0161A-3788-4C84-80A5-DCC040E58C46}
		{7A4A5AD4-2407-4BE7-BB49-11DF14D0D368} = {EE20C0B8-FFCE-42E4-8360-B49453B71BFD}
		{7601169C-9F9B-45D2-A641-6F5BAE3C10C2} = {B09C1303-BB7A-4D85-9B3F-DBF13506A040}
	EndGlobalSection
	GlobalSection(ExtensibilityGlobals) = postSolution
		SolutionGuid = {E61AAC49-4387-40BC-BCC3-8A79D965D62D}
	EndGlobalSection
EndGlobal
